{
  "name": "social-reach-host",
  "lockfileVersion": 3,
  "requires": true,
  "packages": {
    "": {
      "name": "social-reach-host",
      "dependencies": {
        "mcporter": "0.14.2"
      }
    },
    "node_modules/@iarna/toml": {
      "version": "2.2.5",
      "resolved": "https://registry.npmjs.org/@iarna/toml/-/toml-2.2.5.tgz",
      "integrity": "sha512-trnsAYxU3xnS1gPHPyU961coFyLkh4gAD/0zQ5mymY4yOZ+CYvsPqUbOFSw0aDM4y0tV7tiFxL/1XfXPNC6IPg==",
      "license": "ISC"
    },
    "node_modules/@modelcontextprotocol/core": {
      "version": "2.3.0",
      "resolved": "https://registry.npmjs.org/@modelcontextprotocol/core/-/core-2.3.0.tgz",
      "integrity": "sha512-09BHFaNVBe5pB2AhzCfLj0cqmsKLERvZQ4FblzP90UMGLaXVqdZPByFjURwsUYCmxonUW2yAwgTTvle+8O2/8w==",
      "license": "Apache-2.0",
      "dependencies": {
        "zod": "^4.2.0"
      },
      "engines": {
        "node": ">=20"
      }
    },
    "node_modules/@modelcontextprotocol/server": {
      "version": "2.3.0",
      "resolved": "https://registry.npmjs.org/@modelcontextprotocol/server/-/server-2.3.0.tgz",
      "integrity": "sha512-+6b0LdsQLmHsvS7J6sQJ4weTpzUn61fU1JKS+321/+IyDYoHW5CR2Tgqcs6GgAAQvlesCo6yX3xttgmx+XGtJw==",
      "license": "Apache-2.0",
      "dependencies": {
        "@modelcontextprotocol/core": "2.3.0",
        "zod": "^4.2.0"
      },
      "engines": {
        "node": ">=20"
      }
    },
    "node_modules/@oxc-project/types": {
      "version": "0.151.0",
      "resolved": "https://registry.npmjs.org/@oxc-project/types/-/types-0.151.0.tgz",
      "integrity": "sha512-J1yXrIlNDZVzE3ada310xeAw7nH8yCAyLPuUIsjKatFPmfn5bS1oW+cM+QsGOtVWd5nhSpbwZWx/rue+r5Z+PA==",
      "license": "MIT",
      "funding": {
        "url": "https://github.com/sponsors/oxc-project"
      }
    },
    "node_modules/@rolldown/binding-android-arm-eabi": {
      "version": "1.2.11",
      "resolved": "https://registry.npmjs.org/@rolldown/binding-android-arm-eabi/-/binding-android-arm-eabi-1.2.11.tgz",
      "integrity": "sha512-A5kXfGKvKWWZE0TtPrfsvT+q4Y5d1QG8gGUzpYjGydM+fARM9MuX90PrXYXe0XbsDVgyxxNzHo6giCj90bsFNw==",
      "cpu": [
        "arm"
      ],
      "license": "MIT",
      "optional": true,
      "os": [
        "android"
      ],
      "engines": {
        "node": "^20.19.0 || >=22.12.0"
      }
    },
    "node_modules/@rolldown/binding-android-arm64": {
      "version": "1.2.11",
      "resolved": "https://registry.npmjs.org/@rolldown/binding-android-arm64/-/binding-android-arm64-1.2.11.tgz",
      "integrity": "sha512-z6cTycz+iJ4PVkuL4HHW4DfTfoeU/2nqYYuSOrTmH7yHK5Y0LCOnA03V4ZNxavyVaU1oOqUgIg2klN/s+USGOA==",
      "cpu": [
        "arm64"
      ],
      "license": "MIT",
      "optional": true,
      "os": [
        "android"
      ],
      "engines": {
        "node": "^20.19.0 || >=22.12.0"
      }
    },
    "node_modules/@rolldown/binding-darwin-arm64": {
      "version": "1.2.11",
      "resolved": "https://registry.npmjs.org/@rolldown/binding-darwin-arm64/-/binding-darwin-arm64-1.2.11.tgz",
      "integrity": "sha512-jShvqNtP6vDC6/A5JOAzbVV+DkgHqhl/ScVCJEbt+TUY6QYz7YnXcrg3sLtFBniro0f/Ld50ZwCWA6f7KYD1nQ==",
      "cpu": [
        "arm64"
      ],
      "license": "MIT",
      "optional": true,
      "os": [
        "darwin"
      ],
      "engines": {
        "node": "^20.19.0 || >=22.12.0"
      }
    },
    "node_modules/@rolldown/binding-darwin-x64": {
      "version": "1.2.11",
      "resolved": "https://registry.npmjs.org/@rolldown/binding-darwin-x64/-/binding-darwin-x64-1.2.11.tgz",
      "integrity": "sha512-f2i2xiNWq1Z1l2++q2fuhZRdLAT3aqxD6vRNm1RAxpUoBcdqNB3C0s1Bt+K+PbEx2F5F4gQp6hqKkphCY/xF9w==",
      "cpu": [
        "x64"
      ],
      "license": "MIT",
      "optional": true,
      "os": [
        "darwin"
      ],
      "engines": {
        "node": "^20.19.0 || >=22.12.0"
      }
    },
    "node_modules/@rolldown/binding-freebsd-x64": {
      "version": "1.2.11",
      "resolved": "https://registry.npmjs.org/@rolldown/binding-freebsd-x64/-/binding-freebsd-x64-1.2.11.tgz",
      "integrity": "sha512-4Ir5FSOKIAMr4r0kExpt1s3bMgzJU3rA45AYOHtQpls0oNeqcYBKrWMlckrYH4KCfGLfkfn1tN1dmZPMVsdXow==",
      "cpu": [
        "x64"
      ],
      "license": "MIT",
      "optional": true,
      "os": [
        "freebsd"
      ],
      "engines": {
        "node": "^20.19.0 || >=22.12.0"
      }
    },
    "node_modules/@rolldown/binding-linux-arm-gnueabihf": {
      "version": "1.2.11",
      "resolved": "https://registry.npmjs.org/@rolldown/binding-linux-arm-gnueabihf/-/binding-linux-arm-gnueabihf-1.2.11.tgz",
      "integrity": "sha512-/gnRDM+39BROzAN/k1OZjDPnDMcZxB/0EUxKjONO5yVkNEvlsoMDrxGNKgZi/ttFriS2gwlDNzB65pvNbFOXIQ==",
      "cpu": [
        "arm"
      ],
      "license": "MIT",
      "optional": true,
      "os": [
        "linux"
      ],
      "engines": {
        "node": "^20.19.0 || >=22.12.0"
      }
    },
    "node_modules/@rolldown/binding-linux-arm64-gnu": {
      "version": "1.2.11",
      "resolved": "https://registry.npmjs.org/@rolldown/binding-linux-arm64-gnu/-/binding-linux-arm64-gnu-1.2.11.tgz",
      "integrity": "sha512-PFaK8HwvAHbaKbBcDNQihjMKYvFnA5hiENx/l5tphTDz1E0WFp32l0A7aq7lyUwGsRw/xSrNIy/gIK4thrSCrw==",
      "cpu": [
        "arm64"
      ],
      "license": "MIT",
      "optional": true,
      "os": [
        "linux"
      ],
      "engines": {
        "node": "^20.19.0 || >=22.12.0"
      }
    },
    "node_modules/@rolldown/binding-linux-arm64-musl": {
      "version": "1.2.11",
      "resolved": "https://registry.npmjs.org/@rolldown/binding-linux-arm64-musl/-/binding-linux-arm64-musl-1.2.11.tgz",
      "integrity": "sha512-AskzJUIKRLPxkruR1wLKewGbOw+EYfU/9lOrBFj4AFrEA8hPpKFnODWNu2WLaNs0QNkEb9QIJufmVZZIL/bJlg==",
      "cpu": [
        "arm64"
      ],
      "license": "MIT",
      "optional": true,
      "os": [
        "linux"
      ],
      "engines": {
        "node": "^20.19.0 || >=22.12.0"
      }
    },
    "node_modules/@rolldown/binding-linux-ppc64-gnu": {
      "version": "1.2.11",
      "resolved": "https://registry.npmjs.org/@rolldown/binding-linux-ppc64-gnu/-/binding-linux-ppc64-gnu-1.2.11.tgz",
      "integrity": "sha512-qlUGAheh2yh8afH7QBgx0PrRHN85hKnNd78x8MeMhXivuevgd8vgf6/CstOzmNKY/lLTHvNTrPy98cLnAugzJw==",
      "cpu": [
        "ppc64"
      ],
      "license": "MIT",
      "optional": true,
      "os": [
        "linux"
      ],
      "engines": {
        "node": "^20.19.0 || >=22.12.0"
      }
    },
    "node_modules/@rolldown/binding-linux-s390x-gnu": {
      "version": "1.2.11",
      "resolved": "https://registry.npmjs.org/@rolldown/binding-linux-s390x-gnu/-/binding-linux-s390x-gnu-1.2.11.tgz",
      "integrity": "sha512-secpEad+0vCbSfn8upFySkDskv+bGPk3THSDS9Y89yc4rb4kzqHp8Dmyd9BkQW4SnhNXBZCl/6CrO//hZahNJQ==",
      "cpu": [
        "s390x"
      ],
      "license": "MIT",
      "optional": true,
      "os": [
        "linux"
      ],
      "engines": {
        "node": "^20.19.0 || >=22.12.0"
      }
    },
    "node_modules/@rolldown/binding-linux-x64-gnu": {
      "version": "1.2.11",
      "resolved": "https://registry.npmjs.org/@rolldown/binding-linux-x64-gnu/-/binding-linux-x64-gnu-1.2.11.tgz",
      "integrity": "sha512-mOVBT3dPpkWm8XBWPmU4bf+U6dYDLeMo/9ojUmis4N0L5uu10qra5vOyngZ7/PSdoE4G9KvRt4bloRxNjLas7A==",
      "cpu": [
        "x64"
      ],
      "license": "MIT",
      "optional": true,
      "os": [
        "linux"
      ],
      "engines": {
        "node": "^20.19.0 || >=22.12.0"
      }
    },
    "node_modules/@rolldown/binding-linux-x64-musl": {
      "version": "1.2.11",
      "resolved": "https://registry.npmjs.org/@rolldown/binding-linux-x64-musl/-/binding-linux-x64-musl-1.2.11.tgz",
      "integrity": "sha512-Is78i9A8Ui4SqcxUwFJ9uMmjDn58IbVTjFWYdQestFEgeuEmHMLGNriXnVJKkwG2YiZjw8cP0zCTyDMdDGtOOg==",
      "cpu": [
        "x64"
      ],
      "license": "MIT",
      "optional": true,
      "os": [
        "linux"
      ],
      "engines": {
        "node": "^20.19.0 || >=22.12.0"
      }
    },
    "node_modules/@rolldown/binding-openharmony-arm64": {
      "version": "1.2.11",
      "resolved": "https://registry.npmjs.org/@rolldown/binding-openharmony-arm64/-/binding-openharmony-arm64-1.2.11.tgz",
      "integrity": "sha512-dUCXneZ87INUMyQ0D+C0HrEBNUPNXHaPmU5GTjyKTJEiussw9Kaj5Ln8UztPe4epV/ffvgNBEadksdYhmW6xJA==",
      "cpu": [
        "arm64"
      ],
      "license": "MIT",
      "optional": true,
      "os": [
        "openharmony"
      ],
      "engines": {
        "node": "^20.19.0 || >=22.12.0"
      }
    },
    "node_modules/@rolldown/binding-win32-arm64-msvc": {
      "version": "1.2.11",
      "resolved": "https://registry.npmjs.org/@rolldown/binding-win32-arm64-msvc/-/binding-win32-arm64-msvc-1.2.11.tgz",
      "integrity": "sha512-jByxb6qfd+bH1xUd0qnfFnb17i9sWBPY2tOavJ0l3tdr3OTu+Kvtm8cd/JV5nFt657b1VqGltxg9olOEfofXWw==",
      "cpu": [
        "arm64"
      ],
      "license": "MIT",
      "optional": true,
      "os": [
        "win32"
      ],
      "engines": {
        "node": "^20.19.0 || >=22.12.0"
      }
    },
    "node_modules/@rolldown/binding-win32-x64-msvc": {
      "version": "1.2.11",
      "resolved": "https://registry.npmjs.org/@rolldown/binding-win32-x64-msvc/-/binding-win32-x64-msvc-1.2.11.tgz",
      "integrity": "sha512-/PzKqzAJ03i19oy2ItPvyvaVjOjBCNnfaJs8yvUdGBKmiESgnrJSQ2awd81QzFbbnAmu7YO9ZnJrDCb9VSJPRA==",
      "cpu": [
        "x64"
      ],
      "license": "MIT",
      "optional": true,
      "os": [
        "win32"
      ],
      "engines": {
        "node": "^20.19.0 || >=22.12.0"
      }
    },
    "node_modules/@rolldown/pluginutils": {
      "version": "1.0.1",
      "resolved": "https://registry.npmjs.org/@rolldown/pluginutils/-/pluginutils-1.0.1.tgz",
      "integrity": "sha512-2j9bGt5Jh8hj+vPtgzPtl72j0yRxHAyumoo6TNfAjsLB04UtpSvPbPcDcBMxz7n+9CYB0c1GxQFxYRg2jimqGw==",
      "license": "MIT"
    },
    "node_modules/acorn": {
      "version": "8.18.0",
      "resolved": "https://registry.npmjs.org/acorn/-/acorn-8.18.0.tgz",
      "integrity": "sha512-lGq+9yr1/GuAWaVYIHRjvvySG5/4VfKIvC8EWxStPdcDh/Ka7FG3twP6v4d5BkravUilhIAsG4Qj83t02LWUPQ==",
      "license": "MIT",
      "bin": {
        "acorn": "bin/acorn"
      },
      "engines": {
        "node": ">=0.4.0"
      }
    },
    "node_modules/ansi-regex": {
      "version": "6.4.0",
      "resolved": "https://registry.npmjs.org/ansi-regex/-/ansi-regex-6.4.0.tgz",
      "integrity": "sha512-KzTVk2tCWAHtYrvvvaP8bJKJq2pVinhLcGEQdtLIYPbmNGNyYe8QwNaTUYQp2J7/vIsUKt5QCqAfUkYyG9DkOw==",
      "license": "MIT",
      "engines": {
        "node": ">=12"
      },
      "funding": {
        "url": "https://github.com/chalk/ansi-regex?sponsor=1"
      }
    },
    "node_modules/chalk": {
      "version": "5.6.2",
      "resolved": "https://registry.npmjs.org/chalk/-/chalk-5.6.2.tgz",
      "integrity": "sha512-7NzBL0rN6fMUW+f7A6Io4h40qQlG+xGmtMxfbnH/K7TAtt8JQWVQK+6g0UXKMeVJoyV5EkkNsErQ8pVD3bLHbA==",
      "license": "MIT",
      "engines": {
        "node": "^12.17.0 || ^14.13 || >=16.0.0"
      },
      "funding": {
        "url": "https://github.com/chalk/chalk?sponsor=1"
      }
    },
    "node_modules/cli-cursor": {
      "version": "5.0.0",
      "resolved": "https://registry.npmjs.org/cli-cursor/-/cli-cursor-5.0.0.tgz",
      "integrity": "sha512-aCj4O5wKyszjMmDT4tZj93kxyydN/K5zPWSCe6/0AV/AA1pqe5ZBIw0a2ZfPQV7lL5/yb5HsUreJ6UFAF1tEQw==",
      "license": "MIT",
      "dependencies": {
        "restore-cursor": "^5.0.0"
      },
      "engines": {
        "node": ">=18"
      },
      "funding": {
        "url": "https://github.com/sponsors/sindresorhus"
      }
    },
    "node_modules/cli-spinners": {
      "version": "3.4.0",
      "resolved": "https://registry.npmjs.org/cli-spinners/-/cli-spinners-3.4.0.tgz",
      "integrity": "sha512-bXfOC4QcT1tKXGorxL3wbJm6XJPDqEnij2gQ2m7ESQuE+/z9YFIWnl/5RpTiKWbMq3EVKR4fRLJGn6DVfu0mpw==",
      "license": "MIT",
      "engines": {
        "node": ">=18.20"
      },
      "funding": {
        "url": "https://github.com/sponsors/sindresorhus"
      }
    },
    "node_modules/commander": {
      "version": "15.0.0",
      "resolved": "https://registry.npmjs.org/commander/-/commander-15.0.0.tgz",
      "integrity": "sha512-z67u4ZhzCL/Tydu1lJARtEZYWbWaN7oYLHbsuzocr6y4N6WZAagG3RQ4FW61V1/0+jImpj293XfrcYnd1qxtPg==",
      "license": "MIT",
      "engines": {
        "node": ">=22.12.0"
      }
    },
    "node_modules/es-toolkit": {
      "version": "1.52.0",
      "resolved": "https://registry.npmjs.org/es-toolkit/-/es-toolkit-1.52.0.tgz",
      "integrity": "sha512-XTNEJQh1tY1ZJVcf6ayP/2n4ZPyaHlW2FWs7xvw5ddPuhUVjLD3olQVQS7kf58JbAB48iL0uL/jerTrjtV3lDA==",
      "license": "MIT",
      "workspaces": [
        "docs",
        "benchmarks",
        "tests/types",
        "tests/browser-compat"
      ]
    },
    "node_modules/get-east-asian-width": {
      "version": "1.7.0",
      "resolved": "https://registry.npmjs.org/get-east-asian-width/-/get-east-asian-width-1.7.0.tgz",
      "integrity": "sha512-XjH1AECxf0giL2V1aU8vKyRR2ppRUb5c0EvT7zuJTokQ74bNo52zOtghqdWIqrhUD79fo3x0WfKZdOqxF6LG1Q==",
      "license": "MIT",
      "engines": {
        "node": ">=18"
      },
      "funding": {
        "url": "https://github.com/sponsors/sindresorhus"
      }
    },
    "node_modules/is-interactive": {
      "version": "2.0.0",
      "resolved": "https://registry.npmjs.org/is-interactive/-/is-interactive-2.0.0.tgz",
      "integrity": "sha512-qP1vozQRI+BMOPcjFzrjXuQvdak2pHNUMZoeG2eRbiSqyvbEf/wQtEOTOX1guk6E3t36RkaqiSt8A/6YElNxLQ==",
      "license": "MIT",
      "engines": {
        "node": ">=12"
      },
      "funding": {
        "url": "https://github.com/sponsors/sindresorhus"
      }
    },
    "node_modules/is-unicode-supported": {
      "version": "2.1.0",
      "resolved": "https://registry.npmjs.org/is-unicode-supported/-/is-unicode-supported-2.1.0.tgz",
      "integrity": "sha512-mE00Gnza5EEB3Ds0HfMyllZzbBrmLOX3vfWoj9A9PEnTfratQ/BcaJOuMhnkhjXvb2+FkY3VuHqtAGpTPmglFQ==",
      "license": "MIT",
      "engines": {
        "node": ">=18"
      },
      "funding": {
        "url": "https://github.com/sponsors/sindresorhus"
      }
    },
    "node_modules/jsonc-parser": {
      "version": "3.3.1",
      "resolved": "https://registry.npmjs.org/jsonc-parser/-/jsonc-parser-3.3.1.tgz",
      "integrity": "sha512-HUgH65KyejrUFPvHFPbqOY0rsFip3Bo5wb4ngvdi1EpCYWUQDC5V+Y7mZws+DLkr4M//zQJoanu1SP+87Dv1oQ==",
      "license": "MIT"
    },
    "node_modules/log-symbols": {
      "version": "7.0.1",
      "resolved": "https://registry.npmjs.org/log-symbols/-/log-symbols-7.0.1.tgz",
      "integrity": "sha512-ja1E3yCr9i/0hmBVaM0bfwDjnGy8I/s6PP4DFp+yP+a+mrHO4Rm7DtmnqROTUkHIkqffC84YY7AeqX6oFk0WFg==",
      "license": "MIT",
      "dependencies": {
        "is-unicode-supported": "^2.0.0",
        "yoctocolors": "^2.1.1"
      },
      "engines": {
        "node": ">=18"
      },
      "funding": {
        "url": "https://github.com/sponsors/sindresorhus"
      }
    },
    "node_modules/mcporter": {
      "version": "0.14.2",
      "resolved": "https://registry.npmjs.org/mcporter/-/mcporter-0.14.2.tgz",
      "integrity": "sha512-3ajjKzPLe/39hN582XqMuOw3S9vHQfLpSBq72zVakT03xso3GDXHcht/eVLu/l2MDqulIOtLevnTKreUxymHJQ==",
      "bundleDependencies": [
        "@modelcontextprotocol/client"
      ],
      "license": "MIT",
      "dependencies": {
        "@iarna/toml": "^2.2.5",
        "@modelcontextprotocol/client": "^2.2.0",
        "@modelcontextprotocol/server": "^2.2.0",
        "acorn": "^8.18.0",
        "commander": "^15.0.0",
        "es-toolkit": "^1.52.0",
        "jsonc-parser": "^3.3.1",
        "ora": "^9.4.1",
        "rolldown": "1.2.11",
        "zod": "^4.6.5"
      },
      "bin": {
        "mcporter": "dist/cli.js"
      },
      "engines": {
        "node": ">=24"
      }
    },
    "node_modules/mcporter/node_modules/@modelcontextprotocol/client": {
      "version": "2.2.0",
      "inBundle": true,
      "license": "MIT",
      "dependencies": {
        "@modelcontextprotocol/core": "2.2.0",
        "cross-spawn": "^7.0.5",
        "eventsource": "^3.0.2",
        "eventsource-parser": "^3.0.0",
        "jose": "^6.1.3",
        "pkce-challenge": "^5.0.0",
        "zod": "^4.2.0"
      },
      "engines": {
        "node": ">=20"
      }
    },
    "node_modules/mcporter/node_modules/@modelcontextprotocol/core": {
      "version": "2.2.0",
      "inBundle": true,
      "license": "MIT",
      "dependencies": {
        "zod": "^4.2.0"
      },
      "engines": {
        "node": ">=20"
      }
    },
    "node_modules/mcporter/node_modules/cross-spawn": {
      "version": "7.0.6",
      "inBundle": true,
      "license": "MIT",
      "dependencies": {
        "path-key": "^3.1.0",
        "shebang-command": "^2.0.0",
        "which": "^2.0.1"
      },
      "engines": {
        "node": ">= 8"
      }
    },
    "node_modules/mcporter/node_modules/eventsource": {
      "version": "3.0.7",
      "inBundle": true,
      "license": "MIT",
      "dependencies": {
        "eventsource-parser": "^3.0.1"
      },
      "engines": {
        "node": ">=18.0.0"
      }
    },
    "node_modules/mcporter/node_modules/eventsource-parser": {
      "version": "3.1.1",
      "inBundle": true,
      "license": "MIT",
      "engines": {
        "node": ">=18.0.0"
      }
    },
    "node_modules/mcporter/node_modules/isexe": {
      "version": "2.0.0",
      "inBundle": true,
      "license": "ISC"
    },
    "node_modules/mcporter/node_modules/jose": {
      "version": "6.2.12",
      "inBundle": true,
      "license": "MIT",
      "funding": {
        "url": "https://github.com/sponsors/panva"
      }
    },
    "node_modules/mcporter/node_modules/path-key": {
      "version": "3.1.1",
      "inBundle": true,
      "license": "MIT",
      "engines": {
        "node": ">=8"
      }
    },
    "node_modules/mcporter/node_modules/pkce-challenge": {
      "version": "5.0.1",
      "inBundle": true,
      "license": "MIT",
      "engines": {
        "node": ">=16.20.0"
      }
    },
    "node_modules/mcporter/node_modules/shebang-command": {
      "version": "2.0.0",
      "inBundle": true,
      "license": "MIT",
      "dependencies": {
        "shebang-regex": "^3.0.0"
      },
      "engines": {
        "node": ">=8"
      }
    },
    "node_modules/mcporter/node_modules/shebang-regex": {
      "version": "3.0.0",
      "inBundle": true,
      "license": "MIT",
      "engines": {
        "node": ">=8"
      }
    },
    "node_modules/mcporter/node_modules/which": {
      "version": "2.0.2",
      "inBundle": true,
      "license": "ISC",
      "dependencies": {
        "isexe": "^2.0.0"
      },
      "bin": {
        "node-which": "bin/node-which"
      },
      "engines": {
        "node": ">= 8"
      }
    },
    "node_modules/mcporter/node_modules/zod": {
      "version": "4.6.5",
      "inBundle": true,
      "license": "MIT",
      "funding": {
        "url": "https://github.com/sponsors/colinhacks"
      }
    },
    "node_modules/mimic-function": {
      "version": "5.0.1",
      "resolved": "https://registry.npmjs.org/mimic-function/-/mimic-function-5.0.1.tgz",
      "integrity": "sha512-VP79XUPxV2CigYP3jWwAUFSku2aKqBH7uTAapFWCBqutsbmDo96KY5o8uh6U+/YSIn5OxJnXp73beVkpqMIGhA==",
      "license": "MIT",
      "engines": {
        "node": ">=18"
      },
      "funding": {
        "url": "https://github.com/sponsors/sindresorhus"
      }
    },
    "node_modules/onetime": {
      "version": "7.0.0",
      "resolved": "https://registry.npmjs.org/onetime/-/onetime-7.0.0.tgz",
      "integrity": "sha512-VXJjc87FScF88uafS3JllDgvAm+c/Slfz06lorj2uAY34rlUu0Nt+v8wreiImcrgAjjIHp1rXpTDlLOGw29WwQ==",
      "license": "MIT",
      "dependencies": {
        "mimic-function": "^5.0.0"
      },
      "engines": {
        "node": ">=18"
      },
      "funding": {
        "url": "https://github.com/sponsors/sindresorhus"
      }
    },
    "node_modules/ora": {
      "version": "9.4.1",
      "resolved": "https://registry.npmjs.org/ora/-/ora-9.4.1.tgz",
      "integrity": "sha512-6VlU9MLXbjVQD04AZCMX28hVtA5bUoadvUqO76MUCVA0ilwJbMiHsITRPfyVm6p/BC0Av/BXMujx39WCe1LEqw==",
      "license": "MIT",
      "dependencies": {
        "chalk": "^5.6.2",
        "cli-cursor": "^5.0.0",
        "cli-spinners": "^3.2.0",
        "is-interactive": "^2.0.0",
        "is-unicode-supported": "^2.1.0",
        "log-symbols": "^7.0.1",
        "stdin-discarder": "^0.3.2",
        "string-width": "^8.1.0"
      },
      "engines": {
        "node": ">=20"
      },
      "funding": {
        "url": "https://github.com/sponsors/sindresorhus"
      }
    },
    "node_modules/restore-cursor": {
      "version": "5.1.0",
      "resolved": "https://registry.npmjs.org/restore-cursor/-/restore-cursor-5.1.0.tgz",
      "integrity": "sha512-oMA2dcrw6u0YfxJQXm342bFKX/E4sG9rbTzO9ptUcR/e8A33cHuvStiYOwH7fszkZlZ1z/ta9AAoPk2F4qIOHA==",
      "license": "MIT",
      "dependencies": {
        "onetime": "^7.0.0",
        "signal-exit": "^4.1.0"
      },
      "engines": {
        "node": ">=18"
      },
      "funding": {
        "url": "https://github.com/sponsors/sindresorhus"
      }
    },
    "node_modules/rolldown": {
      "version": "1.2.11",
      "resolved": "https://registry.npmjs.org/rolldown/-/rolldown-1.2.11.tgz",
      "integrity": "sha512-qpSwIyz0jHQq5qXBTNxFmE6664rJ7O+4TvPFOiOaBSrz8IOHc1koKKSqTM2H6u1UG1+TveuC6vaDHKXFOvb1Kw==",
      "license": "MIT",
      "dependencies": {
        "@oxc-project/types": "=0.151.0",
        "@rolldown/pluginutils": "^1.0.0"
      },
      "bin": {
        "rolldown": "bin/cli.mjs"
      },
      "engines": {
        "node": "^20.19.0 || >=22.12.0"
      },
      "optionalDependencies": {
        "@rolldown/binding-android-arm-eabi": "1.2.11",
        "@rolldown/binding-android-arm64": "1.2.11",
        "@rolldown/binding-darwin-arm64": "1.2.11",
        "@rolldown/binding-darwin-x64": "1.2.11",
        "@rolldown/binding-freebsd-x64": "1.2.11",
        "@rolldown/binding-linux-arm-gnueabihf": "1.2.11",
        "@rolldown/binding-linux-arm64-gnu": "1.2.11",
        "@rolldown/binding-linux-arm64-musl": "1.2.11",
        "@rolldown/binding-linux-ppc64-gnu": "1.2.11",
        "@rolldown/binding-linux-s390x-gnu": "1.2.11",
        "@rolldown/binding-linux-x64-gnu": "1.2.11",
        "@rolldown/binding-linux-x64-musl": "1.2.11",
        "@rolldown/binding-openharmony-arm64": "1.2.11",
        "@rolldown/binding-win32-arm64-msvc": "1.2.11",
        "@rolldown/binding-win32-x64-msvc": "1.2.11"
      }
    },
    "node_modules/signal-exit": {
      "version": "4.1.0",
      "resolved": "https://registry.npmjs.org/signal-exit/-/signal-exit-4.1.0.tgz",
      "integrity": "sha512-bzyZ1e88w9O1iNJbKnOlvYTrWPDl46O1bG0D3XInv+9tkPrxrN8jUUTiFlDkkmKWgn1M6CfIA13SuGqOa9Korw==",
      "license": "ISC",
      "engines": {
        "node": ">=14"
      },
      "funding": {
        "url": "https://github.com/sponsors/isaacs"
      }
    },
    "node_modules/stdin-discarder": {
      "version": "0.3.2",
      "resolved": "https://registry.npmjs.org/stdin-discarder/-/stdin-discarder-0.3.2.tgz",
      "integrity": "sha512-eCPu1qRxPVkl5605OTWF8Wz40b4Mf45NY5LQmVPQ599knfs5QhASUm9GbJ5BDMDOXgrnh0wyEdvzmL//YMlw0A==",
      "license": "MIT",
      "engines": {
        "node": ">=18"
      },
      "funding": {
        "url": "https://github.com/sponsors/sindresorhus"
      }
    },
    "node_modules/string-width": {
      "version": "8.3.0",
      "resolved": "https://registry.npmjs.org/string-width/-/string-width-8.3.0.tgz",
      "integrity": "sha512-ZbmZM0JCihQN91dWnxoipT2KOEyHqEyfRXUyjuRhW8b/xnqPDoq4gWEVApTVa9db2wN8mmoikgFBbjh71+cGeQ==",
      "license": "MIT",
      "dependencies": {
        "get-east-asian-width": "^1.5.0",
        "strip-ansi": "^7.1.2"
      },
      "engines": {
        "node": ">=20"
      },
      "funding": {
        "url": "https://github.com/sponsors/sindresorhus"
      }
    },
    "node_modules/strip-ansi": {
      "version": "7.2.0",
      "resolved": "https://registry.npmjs.org/strip-ansi/-/strip-ansi-7.2.0.tgz",
      "integrity": "sha512-yDPMNjp4WyfYBkHnjIRLfca1i6KMyGCtsVgoKe/z1+6vukgaENdgGBZt+ZmKPc4gavvEZ5OgHfHdrazhgNyG7w==",
      "license": "MIT",
      "dependencies": {
        "ansi-regex": "^6.2.2"
      },
      "engines": {
        "node": ">=12"
      },
      "funding": {
        "url": "https://github.com/chalk/strip-ansi?sponsor=1"
      }
    },
    "node_modules/yoctocolors": {
      "version": "2.2.0",
      "resolved": "https://registry.npmjs.org/yoctocolors/-/yoctocolors-2.2.0.tgz",
      "integrity": "sha512-xYqdZFUK/VYazNl/oCDYN+3WloWQwMfZxBoiNt6qNyk+xfOdi598muWE42rNZFp1kNOiqW936q5RhUdnpqElSg==",
      "license": "MIT",
      "engines": {
        "node": ">=18"
      },
      "funding": {
        "url": "https://github.com/sponsors/sindresorhus"
      }
    },
    "node_modules/zod": {
      "version": "4.6.5",
      "resolved": "https://registry.npmjs.org/zod/-/zod-4.6.5.tgz",
      "integrity": "sha512-v5l/aFXZQeai4awLbOpSoHecE9UiMrnfx75tEXLjNonXVARxQ5mOeipTjROUchszUNCqnE+hqAMujRsRHsut2Q==",
      "license": "MIT",
      "funding": {
        "url": "https://github.com/sponsors/colinhacks"
      }
    }
  }
}
